// !$*UTF8*$!
{
	archiveVersion = 1;
	classes = {
	};
	objectVersion = 55;
	objects = {

/* Begin PBXBuildFile section */
		A1F3EE1D28CD1A34002E6893 /* Tests_iOS.swift in Sources */ = {isa = PBXBuildFile; fileRef = A1F3EE1C28CD1A34002E6893 /* Tests_iOS.swift */; };
		A1F3EE1F28CD1A34002E6893 /* Tests_iOSLaunchTests.swift in Sources */ = {isa = PBXBuildFile; fileRef = A1F3EE1E28CD1A34002E6893 /* Tests_iOSLaunchTests.swift */; };
		A1F3EE2928CD1A34002E6893 /* Tests_macOS.swift in Sources */ = {isa = PBXBuildFile; fileRef = A1F3EE2828CD1A34002E6893 /* Tests_macOS.swift */; };
		A1F3EE2B28CD1A34002E6893 /* Tests_macOSLaunchTests.swift in Sources */ = {isa = PBXBuildFile; fileRef = A1F3EE2A28CD1A34002E6893 /* Tests_macOSLaunchTests.swift */; };
		A1F3EE2C28CD1A34002E6893 /* TestAppApp.swift in Sources */ = {isa = PBXBuildFile; fileRef = A1F3EE0428CD1A31002E6893 /* TestAppApp.swift */; };
		A1F3EE2D28CD1A34002E6893 /* TestAppApp.swift in Sources */ = {isa = PBXBuildFile; fileRef = A1F3EE0428CD1A31002E6893 /* TestAppApp.swift */; };
		A1F3EE2E28CD1A34002E6893 /* ContentView.swift in Sources */ = {isa = PBXBuildFile; fileRef = A1F3EE0528CD1A31002E6893 /* ContentView.swift */; };
		A1F3EE2F28CD1A34002E6893 /* ContentView.swift in Sources */ = {isa = PBXBuildFile; fileRef = A1F3EE0528CD1A31002E6893 /* ContentView.swift */; };
		A1F3EE3028CD1A34002E6893 /* Assets.xcassets in Resources */ = {isa = PBXBuildFile; fileRef = A1F3EE0628CD1A34002E6893 /* Assets.xcassets */; };
		A1F3EE3128CD1A34002E6893 /* Assets.xcassets in Resources */ = {isa = PBXBuildFile; fileRef = A1F3EE0628CD1A34002E6893 /* Assets.xcassets */; };
/* End PBXBuildFile section */

/* Begin PBXContainerItemProxy section */
		A1F3EE1928CD1A34002E6893 /* PBXContainerItemProxy */ = {
			isa = PBXContainerItemProxy;
			containerPortal = A1F3EDFF28CD1A31002E6893 /* Project object */;
			proxyType = 1;
			remoteGlobalIDString = A1F3EE0A28CD1A34002E6893;
			remoteInfo = "TestApp (iOS)";
		};
		A1F3EE2528CD1A34002E6893 /* PBXContainerItemProxy */ = {
			isa = PBXContainerItemProxy;
			containerPortal = A1F3EDFF28CD1A31002E6893 /* Project object */;
			proxyType = 1;
			remoteGlobalIDString = A1F3EE1028CD1A34002E6893;
			remoteInfo = "TestApp (macOS)";
		};
/* End PBXContainerItemProxy section */

/* Begin PBXFileReference section */
		A1F3EE0428CD1A31002E6893 /* TestAppApp.swift */ = {isa = PBXFileReference; lastKnownFileType = sourcecode.swift; path = TestAppApp.swift; sourceTree = "<group>"; };
		A1F3EE0528CD1A31002E6893 /* ContentView.swift */ = {isa = PBXFileReference; lastKnownFileType = sourcecode.swift; path = ContentView.swift; sourceTree = "<group>"; };
		A1F3EE0628CD1A34002E6893 /* Assets.xcassets */ = {isa = PBXFileReference; lastKnownFileType = folder.assetcatalog; path = Assets.xcassets; sourceTree = "<group>"; };
		A1F3EE0B28CD1A34002E6893 /* TestApp.app */ = {isa = PBXFileReference; explicitFileType = wrapper.application; includeInIndex = 0; path = TestApp.app; sourceTree = BUILT_PRODUCTS_DIR; };
		A1F3EE1128CD1A34002E6893 /* TestApp.app */ = {isa = PBXFileReference; explicitFileType = wrapper.application; includeInIndex = 0; path = TestApp.app; sourceTree = BUILT_PRODUCTS_DIR; };
		A1F3EE1328CD1A34002E6893 /* macOS.entitlements */ = {isa = PBXFileReference; lastKnownFileType = text.plist.entitlements; path = macOS.entitlements; sourceTree = "<group>"; };
		A1F3EE1828CD1A34002E6893 /* Tests iOS.xctest */ = {isa = PBXFileReference; explicitFileType = wrapper.cfbundle; includeInIndex = 0; path = "Tests iOS.xctest"; sourceTree = BUILT_PRODUCTS_DIR; };
		A1F3EE1C28CD1A34002E6893 /* Tests_iOS.swift */ = {isa = PBXFileReference; lastKnownFileType = sourcecode.swift; path = Tests_iOS.swift; sourceTree = "<group>"; };
		A1F3EE1E28CD1A34002E6893 /* Tests_iOSLaunchTests.swift */ = {isa = PBXFileReference; lastKnownFileType = sourcecode.swift; path = Tests_iOSLaunchTests.swift; sourceTree = "<group>"; };
		A1F3EE2428CD1A34002E6893 /* Tests macOS.xctest */ = {isa = PBXFileReference; explicitFileType = wrapper.cfbundle; includeInIndex = 0; path = "Tests macOS.xctest"; sourceTree = BUILT_PRODUCTS_DIR; };
		A1F3EE2828CD1A34002E6893 /* Tests_macOS.swift */ = {isa = PBXFileReference; lastKnownFileType = sourcecode.swift; path = Tests_macOS.swift; sourceTree = "<group>"; };
		A1F3EE2A28CD1A34002E6893 /* Tests_macOSLaunchTests.swift */ = {isa = PBXFileReference; lastKnownFileType = sourcecode.swift; path = Tests_macOSLaunchTests.swift; sourceTree = "<group>"; };
/* End PBXFileReference section */

/* Begin PBXFrameworksBuildPhase section */
		A1F3EE0828CD1A34002E6893 /* Frameworks */ = {
			isa = PBXFrameworksBuildPhase;
			buildActionMask = 2147483647;
			files = (
			);
			runOnlyForDeploymentPostprocessing = 0;
		};
		A1F3EE0E28CD1A34002E6893 /* Frameworks */ = {
			isa = PBXFrameworksBuildPhase;
			buildActionMask = 2147483647;
			files = (
			);
			runOnlyForDeploymentPostprocessing = 0;
		};
		A1F3EE1528CD1A34002E6893 /* Frameworks */ = {
			isa = PBXFrameworksBuildPhase;
			buildActionMask = 2147483647;
			files = (
			);
			runOnlyForDeploymentPostprocessing = 0;
		};
		A1F3EE2128CD1A34002E6893 /* Frameworks */ = {
			isa = PBXFrameworksBuildPhase;
			buildActionMask = 2147483647;
			files = (
			);
			runOnlyForDeploymentPostprocessing = 0;
		};
/* End PBXFrameworksBuildPhase section */

/* Begin PBXGroup section */
		A1F3EDFE28CD1A31002E6893 = {
			isa = PBXGroup;
			children = (
				A1F3EE0328CD1A31002E6893 /* Shared */,
				A1F3EE1228CD1A34002E6893 /* macOS */,
				A1F3EE1B28CD1A34002E6893 /* Tests iOS */,
				A1F3EE2728CD1A34002E6893 /* Tests macOS */,
				A1F3EE0C28CD1A34002E6893 /* Products */,
			);
			sourceTree = "<group>";
		};
		A1F3EE0328CD1A31002E6893 /* Shared */ = {
			isa = PBXGroup;
			children = (
				A1F3EE0428CD1A31002E6893 /* TestAppApp.swift */,
				A1F3EE0528CD1A31002E6893 /* ContentView.swift */,
				A1F3EE0628CD1A34002E6893 /* Assets.xcassets */,
			);
			path = Shared;
			sourceTree = "<group>";
		};
		A1F3EE0C28CD1A34002E6893 /* Products */ = {
			isa = PBXGroup;
			children = (
				A1F3EE0B28CD1A34002E6893 /* TestApp.app */,
				A1F3EE1128CD1A34002E6893 /* TestApp.app */,
				A1F3EE1828CD1A34002E6893 /* Tests iOS.xctest */,
				A1F3EE2428CD1A34002E6893 /* Tests macOS.xctest */,
			);
			name = Products;
			sourceTree = "<group>";
		};
		A1F3EE1228CD1A34002E6893 /* macOS */ = {
			isa = PBXGroup;
			children = (
				A1F3EE1328CD1A34002E6893 /* macOS.entitlements */,
			);
			path = macOS;
			sourceTree = "<group>";
		};
		A1F3EE1B28CD1A34002E6893 /* Tests iOS */ = {
			isa = PBXGroup;
			children = (
				A1F3EE1C28CD1A34002E6893 /* Tests_iOS.swift */,
				A1F3EE1E28CD1A34002E6893 /* Tests_iOSLaunchTests.swift */,
			);
			path = "Tests iOS";
			sourceTree = "<group>";
		};
		A1F3EE2728CD1A34002E6893 /* Tests macOS */ = {
			isa = PBXGroup;
			children = (
				A1F3EE2828CD1A34002E6893 /* Tests_macOS.swift */,
				A1F3EE2A28CD1A34002E6893 /* Tests_macOSLaunchTests.swift */,
			);
			path = "Tests macOS";
			sourceTree = "<group>";
		};
/* End PBXGroup section */

/* Begin PBXNativeTarget section */
		A1F3EE0A28CD1A34002E6893 /* TestApp (iOS) */ = {
			isa = PBXNativeTarget;
			buildConfigurationList = A1F3EE3428CD1A34002E6893 /* Build configuration list for PBXNativeTarget "TestApp (iOS)" */;
			buildPhases = (
				A1F3EE0728CD1A34002E6893 /* Sources */,
				A1F3EE0828CD1A34002E6893 /* Frameworks */,
				A1F3EE0928CD1A34002E6893 /* Resources */,
			);
			buildRules = (
			);
			dependencies = (
			);
			name = "TestApp (iOS)";
			productName = "TestApp (iOS)";
			productReference = A1F3EE0B28CD1A34002E6893 /* TestApp.app */;
			productType = "com.apple.product-type.application";
		};
		A1F3EE1028CD1A34002E6893 /* TestApp (macOS) */ = {
			isa = PBXNativeTarget;
			buildConfigurationList = A1F3EE3728CD1A34002E6893 /* Build configuration list for PBXNativeTarget "TestApp (macOS)" */;
			buildPhases = (
				A1F3EE0D28CD1A34002E6893 /* Sources */,
				A1F3EE0E28CD1A34002E6893 /* Frameworks */,
				A1F3EE0F28CD1A34002E6893 /* Resources */,
			);
			buildRules = (
			);
			dependencies = (
			);
			name = "TestApp (macOS)";
			productName = "TestApp (macOS)";
			productReference = A1F3EE1128CD1A34002E6893 /* TestApp.app */;
			productType = "com.apple.product-type.application";
		};
		A1F3EE1728CD1A34002E6893 /* Tests iOS */ = {
			isa = PBXNativeTarget;
			buildConfigurationList = A1F3EE3A28CD1A34002E6893 /* Build configuration list for PBXNativeTarget "Tests iOS" */;
			buildPhases = (
				A1F3EE1428CD1A34002E6893 /* Sources */,
				A1F3EE1528CD1A34002E6893 /* Frameworks */,
				A1F3EE1628CD1A34002E6893 /* Resources */,
			);
			buildRules = (
			);
			dependencies = (
				A1F3EE1A28CD1A34002E6893 /* PBXTargetDependency */,
			);
			name = "Tests iOS";
			productName = "Tests iOS";
			productReference = A1F3EE1828CD1A34002E6893 /* Tests iOS.xctest */;
			productType = "com.apple.product-type.bundle.ui-testing";
		};
		A1F3EE2328CD1A34002E6893 /* Tests macOS */ = {
			isa = PBXNativeTarget;
			buildConfigurationList = A1F3EE3D28CD1A34002E6893 /* Build configuration list for PBXNativeTarget "Tests macOS" */;
			buildPhases = (
				A1F3EE2028CD1A34002E6893 /* Sources */,
				A1F3EE2128CD1A34002E6893 /* Frameworks */,
				A1F3EE2228CD1A34002E6893 /* Resources */,
			);
			buildRules = (
			);
			dependencies = (
				A1F3EE2628CD1A34002E6893 /* PBXTargetDependency */,
			);
			name = "Tests macOS";
			productName = "Tests macOS";
			productReference = A1F3EE2428CD1A34002E6893 /* Tests macOS.xctest */;
			productType = "com.apple.product-type.bundle.ui-testing";
		};
/* End PBXNativeTarget section */

/* Begin PBXProject section */
		A1F3EDFF28CD1A31002E6893 /* Project object */ = {
			isa = PBXProject;
			attributes = {
				BuildIndependentTargetsInParallel = 1;
				LastSwiftUpdateCheck = 1340;
				LastUpgradeCheck = 1340;
				TargetAttributes = {
					A1F3EE0A28CD1A34002E6893 = {
						CreatedOnToolsVersion = 13.4.1;
					};
					A1F3EE1028CD1A34002E6893 = {
						CreatedOnToolsVersion = 13.4.1;
					};
					A1F3EE1728CD1A34002E6893 = {
						CreatedOnToolsVersion = 13.4.1;
						TestTargetID = A1F3EE0A28CD1A34002E6893;
					};
					A1F3EE2328CD1A34002E6893 = {
						CreatedOnToolsVersion = 13.4.1;
						TestTargetID = A1F3EE1028CD1A34002E6893;
					};
				};
			};
			buildConfigurationList = A1F3EE0228CD1A31002E6893 /* Build configuration list for PBXProject "TestApp" */;
			compatibilityVersion = "Xcode 13.0";
			developmentRegion = en;
			hasScannedForEncodings = 0;
			knownRegions = (
				en,
				Base,
			);
			mainGroup = A1F3EDFE28CD1A31002E6893;
			productRefGroup = A1F3EE0C28CD1A34002E6893 /* Products */;
			projectDirPath = "";
			projectRoot = "";
			targets = (
				A1F3EE0A28CD1A34002E6893 /* TestApp (iOS) */,
				A1F3EE1028CD1A34002E6893 /* TestApp (macOS) */,
				A1F3EE1728CD1A34002E6893 /* Tests iOS */,
				A1F3EE2328CD1A34002E6893 /* Tests macOS */,
			);
		};
/* End PBXProject section */

/* Begin PBXResourcesBuildPhase section */
		A1F3EE0928CD1A34002E6893 /* Resources */ = {
			isa = PBXResourcesBuildPhase;
			buildActionMask = 2147483647;
			files = (
				A1F3EE3028CD1A34002E6893 /* Assets.xcassets in Resources */,
			);
			runOnlyForDeploymentPostprocessing = 0;
		};
		A1F3EE0F28CD1A34002E6893 /* Resources */ = {
			isa = PBXResourcesBuildPhase;
			buildActionMask = 2147483647;
			files = (
				A1F3EE3128CD1A34002E6893 /* Assets.xcassets in Resources */,
			);
			runOnlyForDeploymentPostprocessing = 0;
		};
		A1F3EE1628CD1A34002E6893 /* Resources */ = {
			isa = PBXResourcesBuildPhase;
			buildActionMask = 2147483647;
			files = (
			);
			runOnlyForDeploymentPostprocessing = 0;
		};
		A1F3EE2228CD1A34002E6893 /* Resources */ = {
			isa = PBXResourcesBuildPhase;
			buildActionMask = 2147483647;
			files = (
			);
			runOnlyForDeploymentPostprocessing = 0;
		};
/* End PBXResourcesBuildPhase section */

/* Begin PBXSourcesBuildPhase section */
		A1F3EE0728CD1A34002E6893 /* Sources */ = {
			isa = PBXSourcesBuildPhase;
			buildActionMask = 2147483647;
			files = (
				A1F3EE2E28CD1A34002E6893 /* ContentView.swift in Sources */,
				A1F3EE2C28CD1A34002E6893 /* TestAppApp.swift in Sources */,
			);
			runOnlyForDeploymentPostprocessing = 0;
		};
		A1F3EE0D28CD1A34002E6893 /* Sources */ = {
			isa = PBXSourcesBuildPhase;
			buildActionMask = 2147483647;
			files = (
				A1F3EE2F28CD1A34002E6893 /* ContentView.swift in Sources */,
				A1F3EE2D28CD1A34002E6893 /* TestAppApp.swift in Sources */,
			);
			runOnlyForDeploymentPostprocessing = 0;
		};
		A1F3EE1428CD1A34002E6893 /* Sources */ = {
			isa = PBXSourcesBuildPhase;
			buildActionMask = 2147483647;
			files = (
				A1F3EE1F28CD1A34002E6893 /* Tests_iOSLaunchTests.swift in Sources */,
				A1F3EE1D28CD1A34002E6893 /* Tests_iOS.swift in Sources */,
			);
			runOnlyForDeploymentPostprocessing = 0;
		};
		A1F3EE2028CD1A34002E6893 /* Sources */ = {
			isa = PBXSourcesBuildPhase;
			buildActionMask = 2147483647;
			files = (
				A1F3EE2B28CD1A34002E6893 /* Tests_macOSLaunchTests.swift in Sources */,
				A1F3EE2928CD1A34002E6893 /* Tests_macOS.swift in Sources */,
			);
			runOnlyForDeploymentPostprocessing = 0;
		};
/* End PBXSourcesBuildPhase section */

/* Begin PBXTargetDependency section */
		A1F3EE1A28CD1A34002E6893 /* PBXTargetDependency */ = {
			isa = PBXTargetDependency;
			target = A1F3EE0A28CD1A34002E6893 /* TestApp (iOS) */;
			targetProxy = A1F3EE1928CD1A34002E6893 /* PBXContainerItemProxy */;
		};
		A1F3EE2628CD1A34002E6893 /* PBXTargetDependency */ = {
			isa = PBXTargetDependency;
			target = A1F3EE1028CD1A34002E6893 /* TestApp (macOS) */;
			targetProxy = A1F3EE2528CD1A34002E6893 /* PBXContainerItemProxy */;
		};
/* End PBXTargetDependency section */

/* Begin XCBuildConfiguration section */
		A1F3EE3228CD1A34002E6893 /* Debug */ = {
			isa = XCBuildConfiguration;
			buildSettings = {
				ALWAYS_SEARCH_USER_PATHS = NO;
				CLANG_ANALYZER_NONNULL = YES;
				CLANG_ANALYZER_NUMBER_OBJECT_CONVERSION = YES_AGGRESSIVE;
				CLANG_CXX_LANGUAGE_STANDARD = "gnu++17";
				CLANG_ENABLE_MODULES = YES;
				CLANG_ENABLE_OBJC_ARC = YES;
				CLANG_ENABLE_OBJC_WEAK = YES;
				CLANG_WARN_BLOCK_CAPTURE_AUTORELEASING = YES;
				CLANG_WARN_BOOL_CONVERSION = YES;
				CLANG_WARN_COMMA = YES;
				CLANG_WARN_CONSTANT_CONVERSION = YES;
				CLANG_WARN_DEPRECATED_OBJC_IMPLEMENTATIONS = YES;
				CLANG_WARN_DIRECT_OBJC_ISA_USAGE = YES_ERROR;
				CLANG_WARN_DOCUMENTATION_COMMENTS = YES;
				CLANG_WARN_EMPTY_BODY = YES;
				CLANG_WARN_ENUM_CONVERSION = YES;
				CLANG_WARN_INFINITE_RECURSION = YES;
				CLANG_WARN_INT_CONVERSION = YES;
				CLANG_WARN_NON_LITERAL_NULL_CONVERSION = YES;
				CLANG_WARN_OBJC_IMPLICIT_RETAIN_SELF = YES;
				CLANG_WARN_OBJC_LITERAL_CONVERSION = YES;
				CLANG_WARN_OBJC_ROOT_CLASS = YES_ERROR;
				CLANG_WARN_QUOTED_INCLUDE_IN_FRAMEWORK_HEADER = YES;
				CLANG_WARN_RANGE_LOOP_ANALYSIS = YES;
				CLANG_WARN_STRICT_PROTOTYPES = YES;
				CLANG_WARN_SUSPICIOUS_MOVE = YES;
				CLANG_WARN_UNGUARDED_AVAILABILITY = YES_AGGRESSIVE;
				CLANG_WARN_UNREACHABLE_CODE = YES;
				CLANG_WARN__DUPLICATE_METHOD_MATCH = YES;
				COPY_PHASE_STRIP = NO;
				DEBUG_INFORMATION_FORMAT = dwarf;
				ENABLE_STRICT_OBJC_MSGSEND = YES;
				ENABLE_TESTABILITY = YES;
				GCC_C_LANGUAGE_STANDARD = gnu11;
				GCC_DYNAMIC_NO_PIC = NO;
				GCC_NO_COMMON_BLOCKS = YES;
				GCC_OPTIMIZATION_LEVEL = 0;
				GCC_PREPROCESSOR_DEFINITIONS = (
					"DEBUG=1",
					"$(inherited)",
				);
				GCC_WARN_64_TO_32_BIT_CONVERSION = YES;
				GCC_WARN_ABOUT_RETURN_TYPE = YES_ERROR;
				GCC_WARN_UNDECLARED_SELECTOR = YES;
				GCC_WARN_UNINITIALIZED_AUTOS = YES_AGGRESSIVE;
				GCC_WARN_UNUSED_FUNCTION = YES;
				GCC_WARN_UNUSED_VARIABLE = YES;
				MTL_ENABLE_DEBUG_INFO = INCLUDE_SOURCE;
				MTL_FAST_MATH = YES;
				ONLY_ACTIVE_ARCH = YES;
				SWIFT_ACTIVE_COMPILATION_CONDITIONS = DEBUG;
				SWIFT_OPTIMIZATION_LEVEL = "-Onone";
			};
			name = Debug;
		};
		A1F3EE3328CD1A34002E6893 /* Release */ = {
			isa = XCBuildConfiguration;
			buildSettings = {
				ALWAYS_SEARCH_USER_PATHS = NO;
				CLANG_ANALYZER_NONNULL = YES;
				CLANG_ANALYZER_NUMBER_OBJECT_CONVERSION = YES_AGGRESSIVE;
				CLANG_CXX_LANGUAGE_STANDARD = "gnu++17";
				CLANG_ENABLE_MODULES = YES;
				CLANG_ENABLE_OBJC_ARC = YES;
				CLANG_ENABLE_OBJC_WEAK = YES;
				CLANG_WARN_BLOCK_CAPTURE_AUTORELEASING = YES;
				CLANG_WARN_BOOL_CONVERSION = YES;
				CLANG_WARN_COMMA = YES;
				CLANG_WARN_CONSTANT_CONVERSION = YES;
				CLANG_WARN_DEPRECATED_OBJC_IMPLEMENTATIONS = YES;
				CLANG_WARN_DIRECT_OBJC_ISA_USAGE = YES_ERROR;
				CLANG_WARN_DOCUMENTATION_COMMENTS = YES;
				CLANG_WARN_EMPTY_BODY = YES;
				CLANG_WARN_ENUM_CONVERSION = YES;
				CLANG_WARN_INFINITE_RECURSION = YES;
				CLANG_WARN_INT_CONVERSION = YES;
				CLANG_WARN_NON_LITERAL_NULL_CONVERSION = YES;
				CLANG_WARN_OBJC_IMPLICIT_RETAIN_SELF = YES;
				CLANG_WARN_OBJC_LITERAL_CONVERSION = YES;
				CLANG_WARN_OBJC_ROOT_CLASS = YES_ERROR;
				CLANG_WARN_QUOTED_INCLUDE_IN_FRAMEWORK_HEADER = YES;
				CLANG_WARN_RANGE_LOOP_ANALYSIS = YES;
				CLANG_WARN_STRICT_PROTOTYPES = YES;
				CLANG_WARN_SUSPICIOUS_MOVE = YES;
				CLANG_WARN_UNGUARDED_AVAILABILITY = YES_AGGRESSIVE;
				CLANG_WARN_UNREACHABLE_CODE = YES;
				CLANG_WARN__DUPLICATE_METHOD_MATCH = YES;
				COPY_PHASE_STRIP = NO;
				DEBUG_INFORMATION_FORMAT = "dwarf-with-dsym";
				ENABLE_NS_ASSERTIONS = NO;
				ENABLE_STRICT_OBJC_MSGSEND = YES;
				GCC_C_LANGUAGE_STANDARD = gnu11;
				GCC_NO_COMMON_BLOCKS = YES;
				GCC_WARN_64_TO_32_BIT_CONVERSION = YES;
				GCC_WARN_ABOUT_RETURN_TYPE = YES_ERROR;
				GCC_WARN_UNDECLARED_SELECTOR = YES;
				GCC_WARN_UNINITIALIZED_AUTOS = YES_AGGRESSIVE;
				GCC_WARN_UNUSED_FUNCTION = YES;
				GCC_WARN_UNUSED_VARIABLE = YES;
				MTL_ENABLE_DEBUG_INFO = NO;
				MTL_FAST_MATH = YES;
				SWIFT_COMPILATION_MODE = wholemodule;
				SWIFT_OPTIMIZATION_LEVEL = "-O";
			};
			name = Release;
		};
		A1F3EE3528CD1A34002E6893 /* Debug */ = {
			isa = XCBuildConfiguration;
			buildSettings = {
				ASSETCATALOG_COMPILER_APPICON_NAME = AppIcon;
				ASSETCATALOG_COMPILER_GLOBAL_ACCENT_COLOR_NAME = AccentColor;
				CODE_SIGN_STYLE = Automatic;
				CURRENT_PROJECT_VERSION = 1;
				ENABLE_PREVIEWS = YES;
				GENERATE_INFOPLIST_FILE = YES;
				INFOPLIST_KEY_UIApplicationSceneManifest_Generation = YES;
				INFOPLIST_KEY_UIApplicationSupportsIndirectInputEvents = YES;
				INFOPLIST_KEY_UILaunchScreen_Generation = YES;
				INFOPLIST_KEY_UISupportedInterfaceOrientations_iPad = "UIInterfaceOrientationPortrait UIInterfaceOrientationPortraitUpsideDown UIInterfaceOrientationLandscapeLeft UIInterfaceOrientationLandscapeRight";
				INFOPLIST_KEY_UISupportedInterfaceOrientations_iPhone = "UIInterfaceOrientationPortrait UIInterfaceOrientationLandscapeLeft UIInterfaceOrientationLandscapeRight";
				IPHONEOS_DEPLOYMENT_TARGET = 15.5;
				LD_RUNPATH_SEARCH_PATHS = (
					"$(inherited)",
					"@executable_path/Frameworks",
				);
				MARKETING_VERSION = 1.0;
				PRODUCT_BUNDLE_IDENTIFIER = grodt.TestApp;
				PRODUCT_NAME = TestApp;
				SDKROOT = iphoneos;
				SWIFT_EMIT_LOC_STRINGS = YES;
				SWIFT_VERSION = 5.0;
				TARGETED_DEVICE_FAMILY = "1,2";
			};
			name = Debug;
		};
		A1F3EE3628CD1A34002E6893 /* Release */ = {
			isa = XCBuildConfiguration;
			buildSettings = {
				ASSETCATALOG_COMPILER_APPICON_NAME = AppIcon;
				ASSETCATALOG_COMPILER_GLOBAL_ACCENT_COLOR_NAME = AccentColor;
				CODE_SIGN_STYLE = Automatic;
				CURRENT_PROJECT_VERSION = 1;
				ENABLE_PREVIEWS = YES;
				GENERATE_INFOPLIST_FILE = YES;
				INFOPLIST_KEY_UIApplicationSceneManifest_Generation = YES;
				INFOPLIST_KEY_UIApplicationSupportsIndirectInputEvents = YES;
				INFOPLIST_KEY_UILaunchScreen_Generation = YES;
				INFOPLIST_KEY_UISupportedInterfaceOrientations_iPad = "UIInterfaceOrientationPortrait UIInterfaceOrientationPortraitUpsideDown UIInterfaceOrientationLandscapeLeft UIInterfaceOrientationLandscapeRight";
				INFOPLIST_KEY_UISupportedInterfaceOrientations_iPhone = "UIInterfaceOrientationPortrait UIInterfaceOrientationLandscapeLeft UIInterfaceOrientationLandscapeRight";
				IPHONEOS_DEPLOYMENT_TARGET = 15.5;
				LD_RUNPATH_SEARCH_PATHS = (
					"$(inherited)",
					"@executable_path/Frameworks",
				);
				MARKETING_VERSION = 1.0;
				PRODUCT_BUNDLE_IDENTIFIER = grodt.TestApp;
				PRODUCT_NAME = TestApp;
				SDKROOT = iphoneos;
				SWIFT_EMIT_LOC_STRINGS = YES;
				SWIFT_VERSION = 5.0;
				TARGETED_DEVICE_FAMILY = "1,2";
				VALIDATE_PRODUCT = YES;
			};
			name = Release;
		};
		A1F3EE3828CD1A34002E6893 /* Debug */ = {
			isa = XCBuildConfiguration;
			buildSettings = {
				ASSETCATALOG_COMPILER_APPICON_NAME = AppIcon;
				ASSETCATALOG_COMPILER_GLOBAL_ACCENT_COLOR_NAME = AccentColor;
				CODE_SIGN_ENTITLEMENTS = macOS/macOS.entitlements;
				CODE_SIGN_STYLE = Automatic;
				COMBINE_HIDPI_IMAGES = YES;
				CURRENT_PROJECT_VERSION = 1;
				ENABLE_PREVIEWS = YES;
				GENERATE_INFOPLIST_FILE = YES;
				INFOPLIST_KEY_NSHumanReadableCopyright = "";
				LD_RUNPATH_SEARCH_PATHS = (
					"$(inherited)",
					"@executable_path/../Frameworks",
				);
				MACOSX_DEPLOYMENT_TARGET = 12.3;
				MARKETING_VERSION = 1.0;
				PRODUCT_BUNDLE_IDENTIFIER = grodt.TestApp;
				PRODUCT_NAME = TestApp;
				SDKROOT = macosx;
				SWIFT_EMIT_LOC_STRINGS = YES;
				SWIFT_VERSION = 5.0;
			};
			name = Debug;
		};
		A1F3EE3928CD1A34002E6893 /* Release */ = {
			isa = XCBuildConfiguration;
			buildSettings = {
				ASSETCATALOG_COMPILER_APPICON_NAME = AppIcon;
				ASSETCATALOG_COMPILER_GLOBAL_ACCENT_COLOR_NAME = AccentColor;
				CODE_SIGN_ENTITLEMENTS = macOS/macOS.entitlements;
				CODE_SIGN_STYLE = Automatic;
				COMBINE_HIDPI_IMAGES = YES;
				CURRENT_PROJECT_VERSION = 1;
				ENABLE_PREVIEWS = YES;
				GENERATE_INFOPLIST_FILE = YES;
				INFOPLIST_KEY_NSHumanReadableCopyright = "";
				LD_RUNPATH_SEARCH_PATHS = (
					"$(inherited)",
					"@executable_path/../Frameworks",
				);
				MACOSX_DEPLOYMENT_TARGET = 12.3;
				MARKETING_VERSION = 1.0;
				PRODUCT_BUNDLE_IDENTIFIER = grodt.TestApp;
				PRODUCT_NAME = TestApp;
				SDKROOT = macosx;
				SWIFT_EMIT_LOC_STRINGS = YES;
				SWIFT_VERSION = 5.0;
			};
			name = Release;
		};
		A1F3EE3B28CD1A34002E6893 /* Debug */ = {
			isa = XCBuildConfiguration;
			buildSettings = {
				ALWAYS_EMBED_SWIFT_STANDARD_LIBRARIES = YES;
				CODE_SIGN_STYLE = Automatic;
				CURRENT_PROJECT_VERSION = 1;
				GENERATE_INFOPLIST_FILE = YES;
				IPHONEOS_DEPLOYMENT_TARGET = 15.5;
				MARKETING_VERSION = 1.0;
				PRODUCT_BUNDLE_IDENTIFIER = "grodt.Tests-iOS";
				PRODUCT_NAME = "$(TARGET_NAME)";
				SDKROOT = iphoneos;
				SWIFT_EMIT_LOC_STRINGS = NO;
				SWIFT_VERSION = 5.0;
				TARGETED_DEVICE_FAMILY = "1,2";
				TEST_TARGET_NAME = "TestApp (iOS)";
			};
			name = Debug;
		};
		A1F3EE3C28CD1A34002E6893 /* Release */ = {
			isa = XCBuildConfiguration;
			buildSettings = {
				ALWAYS_EMBED_SWIFT_STANDARD_LIBRARIES = YES;
				CODE_SIGN_STYLE = Automatic;
				CURRENT_PROJECT_VERSION = 1;
				GENERATE_INFOPLIST_FILE = YES;
				IPHONEOS_DEPLOYMENT_TARGET = 15.5;
				MARKETING_VERSION = 1.0;
				PRODUCT_BUNDLE_IDENTIFIER = "grodt.Tests-iOS";
				PRODUCT_NAME = "$(TARGET_NAME)";
				SDKROOT = iphoneos;
				SWIFT_EMIT_LOC_STRINGS = NO;
				SWIFT_VERSION = 5.0;
				TARGETED_DEVICE_FAMILY = "1,2";
				TEST_TARGET_NAME = "TestApp (iOS)";
				VALIDATE_PRODUCT = YES;
			};
			name = Release;
		};
		A1F3EE3E28CD1A34002E6893 /* Debug */ = {
			isa = XCBuildConfiguration;
			buildSettings = {
				ALWAYS_EMBED_SWIFT_STANDARD_LIBRARIES = YES;
				CODE_SIGN_STYLE = Automatic;
				CURRENT_PROJECT_VERSION = 1;
				GENERATE_INFOPLIST_FILE = YES;
				MACOSX_DEPLOYMENT_TARGET = 12.3;
				MARKETING_VERSION = 1.0;
				PRODUCT_BUNDLE_IDENTIFIER = "grodt.Tests-macOS";
				PRODUCT_NAME = "$(TARGET_NAME)";
				SDKROOT = macosx;
				SWIFT_EMIT_LOC_STRINGS = NO;
				SWIFT_VERSION = 5.0;
				TEST_TARGET_NAME = "TestApp (macOS)";
			};
			name = Debug;
		};
		A1F3EE3F28CD1A34002E6893 /* Release */ = {
			isa = XCBuildConfiguration;
			buildSettings = {
				ALWAYS_EMBED_SWIFT_STANDARD_LIBRARIES = YES;
				CODE_SIGN_STYLE = Automatic;
				CURRENT_PROJECT_VERSION = 1;
				GENERATE_INFOPLIST_FILE = YES;
				MACOSX_DEPLOYMENT_TARGET = 12.3;
				MARKETING_VERSION = 1.0;
				PRODUCT_BUNDLE_IDENTIFIER = "grodt.Tests-macOS";
				PRODUCT_NAME = "$(TARGET_NAME)";
				SDKROOT = macosx;
				SWIFT_EMIT_LOC_STRINGS = NO;
				SWIFT_VERSION = 5.0;
				TEST_TARGET_NAME = "TestApp (macOS)";
			};
			name = Release;
		};
/* End XCBuildConfiguration section */

/* Begin XCConfigurationList section */
		A1F3EE0228CD1A31002E6893 /* Build configuration list for PBXProject "TestApp" */ = {
			isa = XCConfigurationList;
			buildConfigurations = (
				A1F3EE3228CD1A34002E6893 /* Debug */,
				A1F3EE3328CD1A34002E6893 /* Release */,
			);
			defaultConfigurationIsVisible = 0;
			defaultConfigurationName = Release;
		};
		A1F3EE3428CD1A34002E6893 /* Build configuration list for PBXNativeTarget "TestApp (iOS)" */ = {
			isa = XCConfigurationList;
			buildConfigurations = (
				A1F3EE3528CD1A34002E6893 /* Debug */,
				A1F3EE3628CD1A34002E6893 /* Release */,
			);
			defaultConfigurationIsVisible = 0;
			defaultConfigurationName = Release;
		};
		A1F3EE3728CD1A34002E6893 /* Build configuration list for PBXNativeTarget "TestApp (macOS)" */ = {
			isa = XCConfigurationList;
			buildConfigurations = (
				A1F3EE3828CD1A34002E6893 /* Debug */,
				A1F3EE3928CD1A34002E6893 /* Release */,
			);
			defaultConfigurationIsVisible = 0;
			defaultConfigurationName = Release;
		};
		A1F3EE3A28CD1A34002E6893 /* Build configuration list for PBXNativeTarget "Tests iOS" */ = {
			isa = XCConfigurationList;
			buildConfigurations = (
				A1F3EE3B28CD1A34002E6893 /* Debug */,
				A1F3EE3C28CD1A34002E6893 /* Release */,
			);
			defaultConfigurationIsVisible = 0;
			defaultConfigurationName = Release;
		};
		A1F3EE3D28CD1A34002E6893 /* Build configuration list for PBXNativeTarget "Tests macOS" */ = {
			isa = XCConfigurationList;
			buildConfigurations = (
				A1F3EE3E28CD1A34002E6893 /* Debug */,
				A1F3EE3F28CD1A34002E6893 /* Release */,
			);
			defaultConfigurationIsVisible = 0;
			defaultConfigurationName = Release;
		};
/* End XCConfigurationList section */
	};
	rootObject = A1F3EDFF28CD1A31002E6893 /* Project object */;
}
